// !$*UTF8*$!
{
	archiveVersion = 1;
	classes = {
	};
	objectVersion = 46;
	objects = {

/* Begin PBXBuildFile section */
		461A568A1C7FD09200659322 /* AppDelegate.swift in Sources */ = {isa = PBXBuildFile; fileRef = 461A56891C7FD09200659322 /* AppDelegate.swift */; };
		461A568C1C7FD09200659322 /* ViewController.swift in Sources */ = {isa = PBXBuildFile; fileRef = 461A568B1C7FD09200659322 /* ViewController.swift */; };
		461A568F1C7FD09200659322 /* Main.storyboard in Resources */ = {isa = PBXBuildFile; fileRef = 461A568D1C7FD09200659322 /* Main.storyboard */; };
		461A56911C7FD09200659322 /* Assets.xcassets in Resources */ = {isa = PBXBuildFile; fileRef = 461A56901C7FD09200659322 /* Assets.xcassets */; };
		461A56941C7FD09200659322 /* LaunchScreen.storyboard in Resources */ = {isa = PBXBuildFile; fileRef = 461A56921C7FD09200659322 /* LaunchScreen.storyboard */; };
		461A569F1C7FD09200659322 /* WhatHappenedTests.swift in Sources */ = {isa = PBXBuildFile; fileRef = 461A569E1C7FD09200659322 /* WhatHappenedTests.swift */; };
		461A56AA1C7FD09200659322 /* WhatHappenedUITests.swift in Sources */ = {isa = PBXBuildFile; fileRef = 461A56A91C7FD09200659322 /* WhatHappenedUITests.swift */; };
		46E26B1B1CAC856D004FBEB9 /* ResultsController.swift in Sources */ = {isa = PBXBuildFile; fileRef = 46E26B1A1CAC856D004FBEB9 /* ResultsController.swift */; };
/* End PBXBuildFile section */

/* Begin PBXContainerItemProxy section */
		461A569B1C7FD09200659322 /* PBXContainerItemProxy */ = {
			isa = PBXContainerItemProxy;
			containerPortal = 461A567E1C7FD09200659322 /* Project object */;
			proxyType = 1;
			remoteGlobalIDString = 461A56851C7FD09200659322;
			remoteInfo = WhatHappened;
		};
		461A56A61C7FD09200659322 /* PBXContainerItemProxy */ = {
			isa = PBXContainerItemProxy;
			containerPortal = 461A567E1C7FD09200659322 /* Project object */;
			proxyType = 1;
			remoteGlobalIDString = 461A56851C7FD09200659322;
			remoteInfo = WhatHappened;
		};
/* End PBXContainerItemProxy section */

/* Begin PBXFileReference section */
		461A56861C7FD09200659322 /* Lookback.app */ = {isa = PBXFileReference; explicitFileType = wrapper.application; includeInIndex = 0; path = Lookback.app; sourceTree = BUILT_PRODUCTS_DIR; };
		461A56891C7FD09200659322 /* AppDelegate.swift */ = {isa = PBXFileReference; lastKnownFileType = sourcecode.swift; path = AppDelegate.swift; sourceTree = "<group>"; };
		461A568B1C7FD09200659322 /* ViewController.swift */ = {isa = PBXFileReference; lastKnownFileType = sourcecode.swift; path = ViewController.swift; sourceTree = "<group>"; };
		461A568E1C7FD09200659322 /* Base */ = {isa = PBXFileReference; lastKnownFileType = file.storyboard; name = Base; path = Base.lproj/Main.storyboard; sourceTree = "<group>"; };
		461A56901C7FD09200659322 /* Assets.xcassets */ = {isa = PBXFileReference; lastKnownFileType = folder.assetcatalog; path = Assets.xcassets; sourceTree = "<group>"; };
		461A56931C7FD09200659322 /* Base */ = {isa = PBXFileReference; lastKnownFileType = file.storyboard; name = Base; path = Base.lproj/LaunchScreen.storyboard; sourceTree = "<group>"; };
		461A56951C7FD09200659322 /* Info.plist */ = {isa = PBXFileReference; lastKnownFileType = text.plist.xml; path = Info.plist; sourceTree = "<group>"; };
		461A569A1C7FD09200659322 /* Lookback.xctest */ = {isa = PBXFileReference; explicitFileType = wrapper.cfbundle; includeInIndex = 0; path = Lookback.xctest; sourceTree = BUILT_PRODUCTS_DIR; };
		461A569E1C7FD09200659322 /* WhatHappenedTests.swift */ = {isa = PBXFileReference; lastKnownFileType = sourcecode.swift; path = WhatHappenedTests.swift; sourceTree = "<group>"; };
		461A56A01C7FD09200659322 /* Info.plist */ = {isa = PBXFileReference; lastKnownFileType = text.plist.xml; path = Info.plist; sourceTree = "<group>"; };
		461A56A51C7FD09200659322 /* Lookback.xctest */ = {isa = PBXFileReference; explicitFileType = wrapper.cfbundle; includeInIndex = 0; path = Lookback.xctest; sourceTree = BUILT_PRODUCTS_DIR; };
		461A56A91C7FD09200659322 /* WhatHappenedUITests.swift */ = {isa = PBXFileReference; lastKnownFileType = sourcecode.swift; path = WhatHappenedUITests.swift; sourceTree = "<group>"; };
		461A56AB1C7FD09200659322 /* Info.plist */ = {isa = PBXFileReference; lastKnownFileType = text.plist.xml; path = Info.plist; sourceTree = "<group>"; };
		46E26B1A1CAC856D004FBEB9 /* ResultsController.swift */ = {isa = PBXFileReference; fileEncoding = 4; lastKnownFileType = sourcecode.swift; path = ResultsController.swift; sourceTree = "<group>"; };
/* End PBXFileReference section */

/* Begin PBXFrameworksBuildPhase section */
		461A56831C7FD09200659322 /* Frameworks */ = {
			isa = PBXFrameworksBuildPhase;
			buildActionMask = 2147483647;
			files = (
			);
			runOnlyForDeploymentPostprocessing = 0;
		};
		461A56971C7FD09200659322 /* Frameworks */ = {
			isa = PBXFrameworksBuildPhase;
			buildActionMask = 2147483647;
			files = (
			);
			runOnlyForDeploymentPostprocessing = 0;
		};
		461A56A21C7FD09200659322 /* Frameworks */ = {
			isa = PBXFrameworksBuildPhase;
			buildActionMask = 2147483647;
			files = (
			);
			runOnlyForDeploymentPostprocessing = 0;
		};
/* End PBXFrameworksBuildPhase section */

/* Begin PBXGroup section */
		461A567D1C7FD09200659322 = {
			isa = PBXGroup;
			children = (
				461A56881C7FD09200659322 /* WhatHappened */,
				461A569D1C7FD09200659322 /* WhatHappenedTests */,
				461A56A81C7FD09200659322 /* WhatHappenedUITests */,
				461A56871C7FD09200659322 /* Products */,
			);
			sourceTree = "<group>";
		};
		461A56871C7FD09200659322 /* Products */ = {
			isa = PBXGroup;
			children = (
				461A56861C7FD09200659322 /* Lookback.app */,
				461A569A1C7FD09200659322 /* Lookback.xctest */,
				461A56A51C7FD09200659322 /* Lookback.xctest */,
			);
			name = Products;
			sourceTree = "<group>";
		};
		461A56881C7FD09200659322 /* WhatHappened */ = {
			isa = PBXGroup;
			children = (
				461A56891C7FD09200659322 /* AppDelegate.swift */,
				461A568B1C7FD09200659322 /* ViewController.swift */,
				461A568D1C7FD09200659322 /* Main.storyboard */,
				46E26B1A1CAC856D004FBEB9 /* ResultsController.swift */,
				461A56901C7FD09200659322 /* Assets.xcassets */,
				461A56921C7FD09200659322 /* LaunchScreen.storyboard */,
				461A56951C7FD09200659322 /* Info.plist */,
			);
			path = WhatHappened;
			sourceTree = "<group>";
		};
		461A569D1C7FD09200659322 /* WhatHappenedTests */ = {
			isa = PBXGroup;
			children = (
				461A569E1C7FD09200659322 /* WhatHappenedTests.swift */,
				461A56A01C7FD09200659322 /* Info.plist */,
			);
			path = WhatHappenedTests;
			sourceTree = "<group>";
		};
		461A56A81C7FD09200659322 /* WhatHappenedUITests */ = {
			isa = PBXGroup;
			children = (
				461A56A91C7FD09200659322 /* WhatHappenedUITests.swift */,
				461A56AB1C7FD09200659322 /* Info.plist */,
			);
			path = WhatHappenedUITests;
			sourceTree = "<group>";
		};
/* End PBXGroup section */

/* Begin PBXNativeTarget section */
		461A56851C7FD09200659322 /* Lookback */ = {
			isa = PBXNativeTarget;
			buildConfigurationList = 461A56AE1C7FD09200659322 /* Build configuration list for PBXNativeTarget "Lookback" */;
			buildPhases = (
				461A56821C7FD09200659322 /* Sources */,
				461A56831C7FD09200659322 /* Frameworks */,
				461A56841C7FD09200659322 /* Resources */,
			);
			buildRules = (
			);
			dependencies = (
			);
			name = Lookback;
			productName = WhatHappened;
			productReference = 461A56861C7FD09200659322 /* Lookback.app */;
			productType = "com.apple.product-type.application";
		};
		461A56991C7FD09200659322 /* LookbackTests */ = {
			isa = PBXNativeTarget;
			buildConfigurationList = 461A56B11C7FD09200659322 /* Build configuration list for PBXNativeTarget "LookbackTests" */;
			buildPhases = (
				461A56961C7FD09200659322 /* Sources */,
				461A56971C7FD09200659322 /* Frameworks */,
				461A56981C7FD09200659322 /* Resources */,
			);
			buildRules = (
			);
			dependencies = (
				461A569C1C7FD09200659322 /* PBXTargetDependency */,
			);
			name = LookbackTests;
			productName = WhatHappenedTests;
			productReference = 461A569A1C7FD09200659322 /* Lookback.xctest */;
			productType = "com.apple.product-type.bundle.unit-test";
		};
		461A56A41C7FD09200659322 /* LookbackUITests */ = {
			isa = PBXNativeTarget;
			buildConfigurationList = 461A56B41C7FD09200659322 /* Build configuration list for PBXNativeTarget "LookbackUITests" */;
			buildPhases = (
				461A56A11C7FD09200659322 /* Sources */,
				461A56A21C7FD09200659322 /* Frameworks */,
				461A56A31C7FD09200659322 /* Resources */,
			);
			buildRules = (
			);
			dependencies = (
				461A56A71C7FD09200659322 /* PBXTargetDependency */,
			);
			name = LookbackUITests;
			productName = WhatHappenedUITests;
			productReference = 461A56A51C7FD09200659322 /* Lookback.xctest */;
			productType = "com.apple.product-type.bundle.ui-testing";
		};
/* End PBXNativeTarget section */

/* Begin PBXProject section */
		461A567E1C7FD09200659322 /* Project object */ = {
			isa = PBXProject;
			attributes = {
				LastSwiftUpdateCheck = 0720;
				LastUpgradeCheck = 0720;
				ORGANIZATIONNAME = "Dave Mockaitis";
				TargetAttributes = {
					461A56851C7FD09200659322 = {
						CreatedOnToolsVersion = 7.2.1;
						DevelopmentTeam = 5UB56B9EL7;
					};
					461A56991C7FD09200659322 = {
						CreatedOnToolsVersion = 7.2.1;
						DevelopmentTeam = 5UB56B9EL7;
						TestTargetID = 461A56851C7FD09200659322;
					};
					461A56A41C7FD09200659322 = {
						CreatedOnToolsVersion = 7.2.1;
						DevelopmentTeam = 5UB56B9EL7;
						TestTargetID = 461A56851C7FD09200659322;
					};
				};
			};
			buildConfigurationList = 461A56811C7FD09200659322 /* Build configuration list for PBXProject "Lookback" */;
			compatibilityVersion = "Xcode 3.2";
			developmentRegion = English;
			hasScannedForEncodings = 0;
			knownRegions = (
				en,
				Base,
			);
			mainGroup = 461A567D1C7FD09200659322;
			productRefGroup = 461A56871C7FD09200659322 /* Products */;
			projectDirPath = "";
			projectRoot = "";
			targets = (
				461A56851C7FD09200659322 /* Lookback */,
				461A56991C7FD09200659322 /* LookbackTests */,
				461A56A41C7FD09200659322 /* LookbackUITests */,
			);
		};
/* End PBXProject section */

/* Begin PBXResourcesBuildPhase section */
		461A56841C7FD09200659322 /* Resources */ = {
			isa = PBXResourcesBuildPhase;
			buildActionMask = 2147483647;
			files = (
				461A56941C7FD09200659322 /* LaunchScreen.storyboard in Resources */,
				461A56911C7FD09200659322 /* Assets.xcassets in Resources */,
				461A568F1C7FD09200659322 /* Main.storyboard in Resources */,
			);
			runOnlyForDeploymentPostprocessing = 0;
		};
		461A56981C7FD09200659322 /* Resources */ = {
			isa = PBXResourcesBuildPhase;
			buildActionMask = 2147483647;
			files = (
			);
			runOnlyForDeploymentPostprocessing = 0;
		};
		461A56A31C7FD09200659322 /* Resources */ = {
			isa = PBXResourcesBuildPhase;
			buildActionMask = 2147483647;
			files = (
			);
			runOnlyForDeploymentPostprocessing = 0;
		};
/* End PBXResourcesBuildPhase section */

/* Begin PBXSourcesBuildPhase section */
		461A56821C7FD09200659322 /* Sources */ = {
			isa = PBXSourcesBuildPhase;
			buildActionMask = 2147483647;
			files = (
				461A568C1C7FD09200659322 /* ViewController.swift in Sources */,
				461A568A1C7FD09200659322 /* AppDelegate.swift in Sources */,
				46E26B1B1CAC856D004FBEB9 /* ResultsController.swift in Sources */,
			);
			runOnlyForDeploymentPostprocessing = 0;
		};
		461A56961C7FD09200659322 /* Sources */ = {
			isa = PBXSourcesBuildPhase;
			buildActionMask = 2147483647;
			files = (
				461A569F1C7FD09200659322 /* WhatHappenedTests.swift in Sources */,
			);
			runOnlyForDeploymentPostprocessing = 0;
		};
		461A56A11C7FD09200659322 /* Sources */ = {
			isa = PBXSourcesBuildPhase;
			buildActionMask = 2147483647;
			files = (
				461A56AA1C7FD09200659322 /* WhatHappenedUITests.swift in Sources */,
			);
			runOnlyForDeploymentPostprocessing = 0;
		};
/* End PBXSourcesBuildPhase section */

/* Begin PBXTargetDependency section */
		461A569C1C7FD09200659322 /* PBXTargetDependency */ = {
			isa = PBXTargetDependency;
			target = 461A56851C7FD09200659322 /* Lookback */;
			targetProxy = 461A569B1C7FD09200659322 /* PBXContainerItemProxy */;
		};
		461A56A71C7FD09200659322 /* PBXTargetDependency */ = {
			isa = PBXTargetDependency;
			target = 461A56851C7FD09200659322 /* Lookback */;
			targetProxy = 461A56A61C7FD09200659322 /* PBXContainerItemProxy */;
		};
/* End PBXTargetDependency section */

/* Begin PBXVariantGroup section */
		461A568D1C7FD09200659322 /* Main.storyboard */ = {
			isa = PBXVariantGroup;
			children = (
				461A568E1C7FD09200659322 /* Base */,
			);
			name = Main.storyboard;
			sourceTree = "<group>";
		};
		461A56921C7FD09200659322 /* LaunchScreen.storyboard */ = {
			isa = PBXVariantGroup;
			children = (
				461A56931C7FD09200659322 /* Base */,
			);
			name = LaunchScreen.storyboard;
			sourceTree = "<group>";
		};
/* End PBXVariantGroup section */

/* Begin XCBuildConfiguration section */
		461A56AC1C7FD09200659322 /* Debug */ = {
			isa = XCBuildConfiguration;
			buildSettings = {
				ALWAYS_SEARCH_USER_PATHS = NO;
				CLANG_CXX_LANGUAGE_STANDARD = "gnu++0x";
				CLANG_CXX_LIBRARY = "libc++";
				CLANG_ENABLE_MODULES = YES;
				CLANG_ENABLE_OBJC_ARC = YES;
				CLANG_WARN_BOOL_CONVERSION = YES;
				CLANG_WARN_CONSTANT_CONVERSION = YES;
				CLANG_WARN_DIRECT_OBJC_ISA_USAGE = YES_ERROR;
				CLANG_WARN_EMPTY_BODY = YES;
				CLANG_WARN_ENUM_CONVERSION = YES;
				CLANG_WARN_INT_CONVERSION = YES;
				CLANG_WARN_OBJC_ROOT_CLASS = YES_ERROR;
				CLANG_WARN_UNREACHABLE_CODE = YES;
				CLANG_WARN__DUPLICATE_METHOD_MATCH = YES;
				"CODE_SIGN_IDENTITY[sdk=iphoneos*]" = "iPhone Developer";
				COPY_PHASE_STRIP = NO;
				DEBUG_INFORMATION_FORMAT = dwarf;
				ENABLE_STRICT_OBJC_MSGSEND = YES;
				ENABLE_TESTABILITY = YES;
				GCC_C_LANGUAGE_STANDARD = gnu99;
				GCC_DYNAMIC_NO_PIC = NO;
				GCC_NO_COMMON_BLOCKS = YES;
				GCC_OPTIMIZATION_LEVEL = 0;
				GCC_PREPROCESSOR_DEFINITIONS = (
					"DEBUG=1",
					"$(inherited)",
				);
				GCC_WARN_64_TO_32_BIT_CONVERSION = YES;
				GCC_WARN_ABOUT_RETURN_TYPE = YES_ERROR;
				GCC_WARN_UNDECLARED_SELECTOR = YES;
				GCC_WARN_UNINITIALIZED_AUTOS = YES_AGGRESSIVE;
				GCC_WARN_UNUSED_FUNCTION = YES;
				GCC_WARN_UNUSED_VARIABLE = YES;
				IPHONEOS_DEPLOYMENT_TARGET = 9.2;
				MTL_ENABLE_DEBUG_INFO = YES;
				ONLY_ACTIVE_ARCH = YES;
				SDKROOT = iphoneos;
				SWIFT_OPTIMIZATION_LEVEL = "-Onone";
				TARGETED_DEVICE_FAMILY = "1,2";
			};
			name = Debug;
		};
		461A56AD1C7FD09200659322 /* Release */ = {
			isa = XCBuildConfiguration;
			buildSettings = {
				ALWAYS_SEARCH_USER_PATHS = NO;
				CLANG_CXX_LANGUAGE_STANDARD = "gnu++0x";
				CLANG_CXX_LIBRARY = "libc++";
				CLANG_ENABLE_MODULES = YES;
				CLANG_ENABLE_OBJC_ARC = YES;
				CLANG_WARN_BOOL_CONVERSION = YES;
				CLANG_WARN_CONSTANT_CONVERSION = YES;
				CLANG_WARN_DIRECT_OBJC_ISA_USAGE = YES_ERROR;
				CLANG_WARN_EMPTY_BODY = YES;
				CLANG_WARN_ENUM_CONVERSION = YES;
				CLANG_WARN_INT_CONVERSION = YES;
				CLANG_WARN_OBJC_ROOT_CLASS = YES_ERROR;
				CLANG_WARN_UNREACHABLE_CODE = YES;
				CLANG_WARN__DUPLICATE_METHOD_MATCH = YES;
				"CODE_SIGN_IDENTITY[sdk=iphoneos*]" = "iPhone Developer";
				COPY_PHASE_STRIP = NO;
				DEBUG_INFORMATION_FORMAT = "dwarf-with-dsym";
				ENABLE_NS_ASSERTIONS = NO;
				ENABLE_STRICT_OBJC_MSGSEND = YES;
				GCC_C_LANGUAGE_STANDARD = gnu99;
				GCC_NO_COMMON_BLOCKS = YES;
				GCC_WARN_64_TO_32_BIT_CONVERSION = YES;
				GCC_WARN_ABOUT_RETURN_TYPE = YES_ERROR;
				GCC_WARN_UNDECLARED_SELECTOR = YES;
				GCC_WARN_UNINITIALIZED_AUTOS = YES_AGGRESSIVE;
				GCC_WARN_UNUSED_FUNCTION = YES;
				GCC_WARN_UNUSED_VARIABLE = YES;
				IPHONEOS_DEPLOYMENT_TARGET = 9.2;
				MTL_ENABLE_DEBUG_INFO = NO;
				SDKROOT = iphoneos;
				TARGETED_DEVICE_FAMILY = "1,2";
				VALIDATE_PRODUCT = YES;
			};
			name = Release;
		};
		461A56AF1C7FD09200659322 /* Debug */ = {
			isa = XCBuildConfiguration;
			buildSettings = {
				ASSETCATALOG_COMPILER_APPICON_NAME = AppIcon;
				INFOPLIST_FILE = WhatHappened/Info.plist;
				LD_RUNPATH_SEARCH_PATHS = "$(inherited) @executable_path/Frameworks";
				PRODUCT_BUNDLE_IDENTIFIER = com.daveMockaitis.Lookback;
				PRODUCT_NAME = Lookback;
			};
			name = Debug;
		};
		461A56B01C7FD09200659322 /* Release */ = {
			isa = XCBuildConfiguration;
			buildSettings = {
				ASSETCATALOG_COMPILER_APPICON_NAME = AppIcon;
				INFOPLIST_FILE = WhatHappened/Info.plist;
				LD_RUNPATH_SEARCH_PATHS = "$(inherited) @executable_path/Frameworks";
				PRODUCT_BUNDLE_IDENTIFIER = com.daveMockaitis.Lookback;
				PRODUCT_NAME = Lookback;
			};
			name = Release;
		};
		461A56B21C7FD09200659322 /* Debug */ = {
			isa = XCBuildConfiguration;
			buildSettings = {
				BUNDLE_LOADER = "$(TEST_HOST)";
				INFOPLIST_FILE = WhatHappenedTests/Info.plist;
				LD_RUNPATH_SEARCH_PATHS = "$(inherited) @executable_path/Frameworks @loader_path/Frameworks";
				PRODUCT_BUNDLE_IDENTIFIER = com.daveMockaitis.WhatHappenedTests;
				PRODUCT_NAME = Lookback;
				TEST_HOST = "$(BUILT_PRODUCTS_DIR)/Lookback.app/Lookback";
			};
			name = Debug;
		};
		461A56B31C7FD09200659322 /* Release */ = {
			isa = XCBuildConfiguration;
			buildSettings = {
				BUNDLE_LOADER = "$(TEST_HOST)";
				INFOPLIST_FILE = WhatHappenedTests/Info.plist;
				LD_RUNPATH_SEARCH_PATHS = "$(inherited) @executable_path/Frameworks @loader_path/Frameworks";
				PRODUCT_BUNDLE_IDENTIFIER = com.daveMockaitis.WhatHappenedTests;
				PRODUCT_NAME = Lookback;
				TEST_HOST = "$(BUILT_PRODUCTS_DIR)/Lookback.app/Lookback";
			};
			name = Release;
		};
		461A56B51C7FD09200659322 /* Debug */ = {
			isa = XCBuildConfiguration;
			buildSettings = {
				INFOPLIST_FILE = WhatHappenedUITests/Info.plist;
				LD_RUNPATH_SEARCH_PATHS = "$(inherited) @executable_path/Frameworks @loader_path/Frameworks";
				PRODUCT_BUNDLE_IDENTIFIER = com.daveMockaitis.WhatHappenedUITests;
				PRODUCT_NAME = Lookback;
				TEST_TARGET_NAME = WhatHappened;
				USES_XCTRUNNER = YES;
			};
			name = Debug;
		};
		461A56B61C7FD09200659322 /* Release */ = {
			isa = XCBuildConfiguration;
			buildSettings = {
				INFOPLIST_FILE = WhatHappenedUITests/Info.plist;
				LD_RUNPATH_SEARCH_PATHS = "$(inherited) @executable_path/Frameworks @loader_path/Frameworks";
				PRODUCT_BUNDLE_IDENTIFIER = com.daveMockaitis.WhatHappenedUITests;
				PRODUCT_NAME = Lookback;
				TEST_TARGET_NAME = WhatHappened;
				USES_XCTRUNNER = YES;
			};
			name = Release;
		};
/* End XCBuildConfiguration section */

/* Begin XCConfigurationList section */
		461A56811C7FD09200659322 /* Build configuration list for PBXProject "Lookback" */ = {
			isa = XCConfigurationList;
			buildConfigurations = (
				461A56AC1C7FD09200659322 /* Debug */,
				461A56AD1C7FD09200659322 /* Release */,
			);
			defaultConfigurationIsVisible = 0;
			defaultConfigurationName = Release;
		};
		461A56AE1C7FD09200659322 /* Build configuration list for PBXNativeTarget "Lookback" */ = {
			isa = XCConfigurationList;
			buildConfigurations = (
				461A56AF1C7FD09200659322 /* Debug */,
				461A56B01C7FD09200659322 /* Release */,
			);
			defaultConfigurationIsVisible = 0;
			defaultConfigurationName = Release;
		};
		461A56B11C7FD09200659322 /* Build configuration list for PBXNativeTarget "LookbackTests" */ = {
			isa = XCConfigurationList;
			buildConfigurations = (
				461A56B21C7FD09200659322 /* Debug */,
				461A56B31C7FD09200659322 /* Release */,
			);
			defaultConfigurationIsVisible = 0;
			defaultConfigurationName = Release;
		};
		461A56B41C7FD09200659322 /* Build configuration list for PBXNativeTarget "LookbackUITests" */ = {
			isa = XCConfigurationList;
			buildConfigurations = (
				461A56B51C7FD09200659322 /* Debug */,
				461A56B61C7FD09200659322 /* Release */,
			);
			defaultConfigurationIsVisible = 0;
			defaultConfigurationName = Release;
		};
/* End XCConfigurationList section */
	};
	rootObject = 461A567E1C7FD09200659322 /* Project object */;
}
